// !$*UTF8*$!
{
	archiveVersion = 1;
	classes = {
	};
	objectVersion = 50;
	objects = {

/* Begin PBXFileReference section */
		0D56289327E812C1001C842D /* portfolio.html */ = {isa = PBXFileReference; lastKnownFileType = text.html; path = portfolio.html; sourceTree = "<group>"; };
		0DC63D5427DFFDC500E8933B /* index.html */ = {isa = PBXFileReference; lastKnownFileType = text.html; path = index.html; sourceTree = "<group>"; };
		0DF63F2527E1382F008A65F3 /* style.css */ = {isa = PBXFileReference; lastKnownFileType = text.css; path = style.css; sourceTree = "<group>"; };
		0DF63F2627E1383D008A65F3 /* script.js */ = {isa = PBXFileReference; lastKnownFileType = sourcecode.javascript; path = script.js; sourceTree = "<group>"; };
		0DFCB9D927E86F5C001761BF /* man.gif */ = {isa = PBXFileReference; lastKnownFileType = image.gif; path = man.gif; sourceTree = "<group>"; };
		0DFCB9DB27E86F5C001761BF /* art8.png */ = {isa = PBXFileReference; lastKnownFileType = image.png; path = art8.png; sourceTree = "<group>"; };
		0DFCB9DC27E86F5C001761BF /* art9.png */ = {isa = PBXFileReference; lastKnownFileType = image.png; path = art9.png; sourceTree = "<group>"; };
		0DFCB9DD27E86F5C001761BF /* art4.png */ = {isa = PBXFileReference; lastKnownFileType = image.png; path = art4.png; sourceTree = "<group>"; };
		0DFCB9DE27E86F5C001761BF /* art5.png */ = {isa = PBXFileReference; lastKnownFileType = image.png; path = art5.png; sourceTree = "<group>"; };
		0DFCB9DF27E86F5C001761BF /* art7.png */ = {isa = PBXFileReference; lastKnownFileType = image.png; path = art7.png; sourceTree = "<group>"; };
		0DFCB9E027E86F5C001761BF /* art6.png */ = {isa = PBXFileReference; lastKnownFileType = image.png; path = art6.png; sourceTree = "<group>"; };
		0DFCB9E127E86F5C001761BF /* art2.png */ = {isa = PBXFileReference; lastKnownFileType = image.png; path = art2.png; sourceTree = "<group>"; };
		0DFCB9E227E86F5C001761BF /* art3.png */ = {isa = PBXFileReference; lastKnownFileType = image.png; path = art3.png; sourceTree = "<group>"; };
		0DFCB9E327E86F5C001761BF /* art1.png */ = {isa = PBXFileReference; lastKnownFileType = image.png; path = art1.png; sourceTree = "<group>"; };
		0DFCB9E527E86F5C001761BF /* paper6.pdf */ = {isa = PBXFileReference; lastKnownFileType = image.pdf; path = paper6.pdf; sourceTree = "<group>"; };
		0DFCB9E627E86F5C001761BF /* paper4.png */ = {isa = PBXFileReference; lastKnownFileType = image.png; path = paper4.png; sourceTree = "<group>"; };
		0DFCB9E727E86F5C001761BF /* paper5.png */ = {isa = PBXFileReference; lastKnownFileType = image.png; path = paper5.png; sourceTree = "<group>"; };
		0DFCB9E827E86F5C001761BF /* paper7.pdf */ = {isa = PBXFileReference; lastKnownFileType = image.pdf; path = paper7.pdf; sourceTree = "<group>"; };
		0DFCB9E927E86F5C001761BF /* paper5.pdf */ = {isa = PBXFileReference; lastKnownFileType = image.pdf; path = paper5.pdf; sourceTree = "<group>"; };
		0DFCB9EA27E86F5C001761BF /* paper7.png */ = {isa = PBXFileReference; lastKnownFileType = image.png; path = paper7.png; sourceTree = "<group>"; };
		0DFCB9EB27E86F5C001761BF /* paper6.png */ = {isa = PBXFileReference; lastKnownFileType = image.png; path = paper6.png; sourceTree = "<group>"; };
		0DFCB9EC27E86F5C001761BF /* paper4.pdf */ = {isa = PBXFileReference; lastKnownFileType = image.pdf; path = paper4.pdf; sourceTree = "<group>"; };
		0DFCB9ED27E86F5C001761BF /* paper2.png */ = {isa = PBXFileReference; lastKnownFileType = image.png; path = paper2.png; sourceTree = "<group>"; };
		0DFCB9EE27E86F5C001761BF /* paper3.png */ = {isa = PBXFileReference; lastKnownFileType = image.png; path = paper3.png; sourceTree = "<group>"; };
		0DFCB9EF27E86F5C001761BF /* paper1.pdf */ = {isa = PBXFileReference; lastKnownFileType = image.pdf; path = paper1.pdf; sourceTree = "<group>"; };
		0DFCB9F027E86F5C001761BF /* paper3.pdf */ = {isa = PBXFileReference; lastKnownFileType = image.pdf; path = paper3.pdf; sourceTree = "<group>"; };
		0DFCB9F127E86F5C001761BF /* paper1.png */ = {isa = PBXFileReference; lastKnownFileType = image.png; path = paper1.png; sourceTree = "<group>"; };
		0DFCB9F227E86F5C001761BF /* paper2.pdf */ = {isa = PBXFileReference; lastKnownFileType = image.pdf; path = paper2.pdf; sourceTree = "<group>"; };
		0DFCB9F327E86F5C001761BF /* paper9.pdf */ = {isa = PBXFileReference; lastKnownFileType = image.pdf; path = paper9.pdf; sourceTree = "<group>"; };
		0DFCB9F427E86F5C001761BF /* paper8.pdf */ = {isa = PBXFileReference; lastKnownFileType = image.pdf; path = paper8.pdf; sourceTree = "<group>"; };
		0DFCB9F527E86F5C001761BF /* paper8.png */ = {isa = PBXFileReference; lastKnownFileType = image.png; path = paper8.png; sourceTree = "<group>"; };
		0DFCB9F627E86F5C001761BF /* paper9.png */ = {isa = PBXFileReference; lastKnownFileType = image.png; path = paper9.png; sourceTree = "<group>"; };
		0DFCB9F727E86F5C001761BF /* README.md */ = {isa = PBXFileReference; lastKnownFileType = net.daringfireball.markdown; path = README.md; sourceTree = "<group>"; };
		0DFCB9F827E86F5C001761BF /* views.gif */ = {isa = PBXFileReference; lastKnownFileType = image.gif; path = views.gif; sourceTree = "<group>"; };
		0DFCB9FA27E86F5C001761BF /* poem1.png */ = {isa = PBXFileReference; lastKnownFileType = image.png; path = poem1.png; sourceTree = "<group>"; };
		0DFCB9FB27E86F5C001761BF /* poem3.png */ = {isa = PBXFileReference; lastKnownFileType = image.png; path = poem3.png; sourceTree = "<group>"; };
		0DFCB9FC27E86F5C001761BF /* poem2.png */ = {isa = PBXFileReference; lastKnownFileType = image.png; path = poem2.png; sourceTree = "<group>"; };
		0DFCB9FD27E86F5C001761BF /* poem6.png */ = {isa = PBXFileReference; lastKnownFileType = image.png; path = poem6.png; sourceTree = "<group>"; };
		0DFCB9FE27E86F5C001761BF /* poem7.png */ = {isa = PBXFileReference; lastKnownFileType = image.png; path = poem7.png; sourceTree = "<group>"; };
		0DFCB9FF27E86F5C001761BF /* poem5.png */ = {isa = PBXFileReference; lastKnownFileType = image.png; path = poem5.png; sourceTree = "<group>"; };
		0DFCBA0027E86F5C001761BF /* poem4.png */ = {isa = PBXFileReference; lastKnownFileType = image.png; path = poem4.png; sourceTree = "<group>"; };
		0DFCBA0127E86F5C001761BF /* poem9.png */ = {isa = PBXFileReference; lastKnownFileType = image.png; path = poem9.png; sourceTree = "<group>"; };
		0DFCBA0227E86F5C001761BF /* poem8.png */ = {isa = PBXFileReference; lastKnownFileType = image.png; path = poem8.png; sourceTree = "<group>"; };
/* End PBXFileReference section */

/* Begin PBXGroup section */
		0D62654827DFF7C700362F69 = {
			isa = PBXGroup;
			children = (
				0DFCB9D827E86F5C001761BF /* assets */,
				0D56289327E812C1001C842D /* portfolio.html */,
				0DF63F2627E1383D008A65F3 /* script.js */,
				0DF63F2527E1382F008A65F3 /* style.css */,
				0DC63D5427DFFDC500E8933B /* index.html */,
			);
			sourceTree = "<group>";
		};
		0DFCB9D827E86F5C001761BF /* assets */ = {
			isa = PBXGroup;
			children = (
				0DFCB9D927E86F5C001761BF /* man.gif */,
				0DFCB9DA27E86F5C001761BF /* artwork */,
				0DFCB9E427E86F5C001761BF /* papers */,
				0DFCB9F727E86F5C001761BF /* README.md */,
				0DFCB9F827E86F5C001761BF /* views.gif */,
				0DFCB9F927E86F5C001761BF /* poems */,
			);
			path = assets;
			sourceTree = "<group>";
		};
		0DFCB9DA27E86F5C001761BF /* artwork */ = {
			isa = PBXGroup;
			children = (
				0DFCB9DB27E86F5C001761BF /* art8.png */,
				0DFCB9DC27E86F5C001761BF /* art9.png */,
				0DFCB9DD27E86F5C001761BF /* art4.png */,
				0DFCB9DE27E86F5C001761BF /* art5.png */,
				0DFCB9DF27E86F5C001761BF /* art7.png */,
				0DFCB9E027E86F5C001761BF /* art6.png */,
				0DFCB9E127E86F5C001761BF /* art2.png */,
				0DFCB9E227E86F5C001761BF /* art3.png */,
				0DFCB9E327E86F5C001761BF /* art1.png */,
			);
			path = artwork;
			sourceTree = "<group>";
		};
		0DFCB9E427E86F5C001761BF /* papers */ = {
			isa = PBXGroup;
			children = (
				0DFCB9E527E86F5C001761BF /* paper6.pdf */,
				0DFCB9E627E86F5C001761BF /* paper4.png */,
				0DFCB9E727E86F5C001761BF /* paper5.png */,
				0DFCB9E827E86F5C001761BF /* paper7.pdf */,
				0DFCB9E927E86F5C001761BF /* paper5.pdf */,
				0DFCB9EA27E86F5C001761BF /* paper7.png */,
				0DFCB9EB27E86F5C001761BF /* paper6.png */,
				0DFCB9EC27E86F5C001761BF /* paper4.pdf */,
				0DFCB9ED27E86F5C001761BF /* paper2.png */,
				0DFCB9EE27E86F5C001761BF /* paper3.png */,
				0DFCB9EF27E86F5C001761BF /* paper1.pdf */,
				0DFCB9F027E86F5C001761BF /* paper3.pdf */,
				0DFCB9F127E86F5C001761BF /* paper1.png */,
				0DFCB9F227E86F5C001761BF /* paper2.pdf */,
				0DFCB9F327E86F5C001761BF /* paper9.pdf */,
				0DFCB9F427E86F5C001761BF /* paper8.pdf */,
				0DFCB9F527E86F5C001761BF /* paper8.png */,
				0DFCB9F627E86F5C001761BF /* paper9.png */,
			);
			path = papers;
			sourceTree = "<group>";
		};
		0DFCB9F927E86F5C001761BF /* poems */ = {
			isa = PBXGroup;
			children = (
				0DFCB9FA27E86F5C001761BF /* poem1.png */,
				0DFCB9FB27E86F5C001761BF /* poem3.png */,
				0DFCB9FC27E86F5C001761BF /* poem2.png */,
				0DFCB9FD27E86F5C001761BF /* poem6.png */,
				0DFCB9FE27E86F5C001761BF /* poem7.png */,
				0DFCB9FF27E86F5C001761BF /* poem5.png */,
				0DFCBA0027E86F5C001761BF /* poem4.png */,
				0DFCBA0127E86F5C001761BF /* poem9.png */,
				0DFCBA0227E86F5C001761BF /* poem8.png */,
			);
			path = poems;
			sourceTree = "<group>";
		};
/* End PBXGroup section */

/* Begin PBXProject section */
		0D62654927DFF7C700362F69 /* Project object */ = {
			isa = PBXProject;
			attributes = {
				LastUpgradeCheck = 1250;
			};
			buildConfigurationList = 0D62654C27DFF7C700362F69 /* Build configuration list for PBXProject "andrewkuhl.github.io" */;
			compatibilityVersion = "Xcode 9.3";
			developmentRegion = en;
			hasScannedForEncodings = 0;
			knownRegions = (
				en,
				Base,
			);
			mainGroup = 0D62654827DFF7C700362F69;
			projectDirPath = "";
			projectRoot = "";
			targets = (
			);
		};
/* End PBXProject section */

/* Begin XCBuildConfiguration section */
		0D62654D27DFF7C700362F69 /* Debug */ = {
			isa = XCBuildConfiguration;
			buildSettings = {
			};
			name = Debug;
		};
		0D62654E27DFF7C700362F69 /* Release */ = {
			isa = XCBuildConfiguration;
			buildSettings = {
			};
			name = Release;
		};
/* End XCBuildConfiguration section */

/* Begin XCConfigurationList section */
		0D62654C27DFF7C700362F69 /* Build configuration list for PBXProject "andrewkuhl.github.io" */ = {
			isa = XCConfigurationList;
			buildConfigurations = (
				0D62654D27DFF7C700362F69 /* Debug */,
				0D62654E27DFF7C700362F69 /* Release */,
			);
			defaultConfigurationIsVisible = 0;
			defaultConfigurationName = Release;
		};
/* End XCConfigurationList section */
	};
	rootObject = 0D62654927DFF7C700362F69 /* Project object */;
}
