// !$*UTF8*$!
{
	archiveVersion = 1;
	classes = {
	};
	objectVersion = 50;
	objects = {

/* Begin PBXFileReference section */
		0DC63D5427DFFDC500E8933B /* index.html */ = {isa = PBXFileReference; lastKnownFileType = text.html; path = index.html; sourceTree = "<group>"; };
/* End PBXFileReference section */

/* Begin PBXGroup section */
		0D62654827DFF7C700362F69 = {
			isa = PBXGroup;
			children = (
				0DC63D5427DFFDC500E8933B /* index.html */,
			);
			sourceTree = "<group>";
		};
/* End PBXGroup section */

/* Begin PBXProject section */
		0D62654927DFF7C700362F69 /* Project object */ = {
			isa = PBXProject;
			attributes = {
				LastUpgradeCheck = 1250;
			};
			buildConfigurationList = 0D62654C27DFF7C700362F69 /* Build configuration list for PBXProject "andrewkuhl.github.io" */;
			compatibilityVersion = "Xcode 9.3";
			developmentRegion = en;
			hasScannedForEncodings = 0;
			knownRegions = (
				en,
				Base,
			);
			mainGroup = 0D62654827DFF7C700362F69;
			projectDirPath = "";
			projectRoot = "";
			targets = (
			);
		};
/* End PBXProject section */

/* Begin XCBuildConfiguration section */
		0D62654D27DFF7C700362F69 /* Debug */ = {
			isa = XCBuildConfiguration;
			buildSettings = {
			};
			name = Debug;
		};
		0D62654E27DFF7C700362F69 /* Release */ = {
			isa = XCBuildConfiguration;
			buildSettings = {
			};
			name = Release;
		};
/* End XCBuildConfiguration section */

/* Begin XCConfigurationList section */
		0D62654C27DFF7C700362F69 /* Build configuration list for PBXProject "andrewkuhl.github.io" */ = {
			isa = XCConfigurationList;
			buildConfigurations = (
				0D62654D27DFF7C700362F69 /* Debug */,
				0D62654E27DFF7C700362F69 /* Release */,
			);
			defaultConfigurationIsVisible = 0;
			defaultConfigurationName = Release;
		};
/* End XCConfigurationList section */
	};
	rootObject = 0D62654927DFF7C700362F69 /* Project object */;
}
